
Microsoft Visual Studio Solution File, Format Version 12.00
# Visual Studio Version 16
VisualStudioVersion = 16.0.31424.327
MinimumVisualStudioVersion = 10.0.40219.1
Project("{FAE04EC0-301F-11D3-BF4B-00C04F79EFBC}") = "task1", "task1\task1.csproj", "{A6EFC9BC-3A46-444A-843F-9977E574DB5A}"
EndProject
Project("{FAE04EC0-301F-11D3-BF4B-00C04F79EFBC}") = "task1Tests", "task1Tests\task1Tests.csproj", "{771782E6-6067-4E4B-ACA2-3DA135EF5BA8}"
EndProject
Global
	GlobalSection(SolutionConfigurationPlatforms) = preSolution
		Debug|Any CPU = Debug|Any CPU
		Release|Any CPU = Release|Any CPU
	EndGlobalSection
	GlobalSection(ProjectConfigurationPlatforms) = postSolution
		{A6EFC9BC-3A46-444A-843F-9977E574DB5A}.Debug|Any CPU.ActiveCfg = Debug|Any CPU
		{A6EFC9BC-3A46-444A-843F-9977E574DB5A}.Debug|Any CPU.Build.0 = Debug|Any CPU
		{A6EFC9BC-3A46-444A-843F-9977E574DB5A}.Release|Any CPU.ActiveCfg = Release|Any CPU
		{A6EFC9BC-3A46-444A-843F-9977E574DB5A}.Release|Any CPU.Build.0 = Release|Any CPU
		{771782E6-6067-4E4B-ACA2-3DA135EF5BA8}.Debug|Any CPU.ActiveCfg = Debug|Any CPU
		{771782E6-6067-4E4B-ACA2-3DA135EF5BA8}.Debug|Any CPU.Build.0 = Debug|Any CPU
		{771782E6-6067-4E4B-ACA2-3DA135EF5BA8}.Release|Any CPU.ActiveCfg = Release|Any CPU
		{771782E6-6067-4E4B-ACA2-3DA135EF5BA8}.Release|Any CPU.Build.0 = Release|Any CPU
	EndGlobalSection
	GlobalSection(SolutionProperties) = preSolution
		HideSolutionNode = FALSE
	EndGlobalSection
	GlobalSection(ExtensibilityGlobals) = postSolution
		SolutionGuid = {3F72A886-DAE9-4C5E-8015-1EF696298E26}
	EndGlobalSection
EndGlobal
