
Microsoft Visual Studio Solution File, Format Version 12.00
# Visual Studio Version 16
VisualStudioVersion = 16.0.31424.327
MinimumVisualStudioVersion = 10.0.40219.1
Project("{9A19103F-16F7-4668-BE54-9A1E7A4F7556}") = "task1", "task1\task1.csproj", "{63F3AAF2-9F0E-4624-832A-C6AE65D099D8}"
EndProject
Project("{FAE04EC0-301F-11D3-BF4B-00C04F79EFBC}") = "task1Tests", "task1Tests\task1Tests.csproj", "{92876245-7FFC-4575-BAF5-5720FBF8BEBC}"
EndProject
Global
	GlobalSection(SolutionConfigurationPlatforms) = preSolution
		Debug|Any CPU = Debug|Any CPU
		Release|Any CPU = Release|Any CPU
	EndGlobalSection
	GlobalSection(ProjectConfigurationPlatforms) = postSolution
		{63F3AAF2-9F0E-4624-832A-C6AE65D099D8}.Debug|Any CPU.ActiveCfg = Debug|Any CPU
		{63F3AAF2-9F0E-4624-832A-C6AE65D099D8}.Debug|Any CPU.Build.0 = Debug|Any CPU
		{63F3AAF2-9F0E-4624-832A-C6AE65D099D8}.Release|Any CPU.ActiveCfg = Release|Any CPU
		{63F3AAF2-9F0E-4624-832A-C6AE65D099D8}.Release|Any CPU.Build.0 = Release|Any CPU
		{92876245-7FFC-4575-BAF5-5720FBF8BEBC}.Debug|Any CPU.ActiveCfg = Debug|Any CPU
		{92876245-7FFC-4575-BAF5-5720FBF8BEBC}.Debug|Any CPU.Build.0 = Debug|Any CPU
		{92876245-7FFC-4575-BAF5-5720FBF8BEBC}.Release|Any CPU.ActiveCfg = Release|Any CPU
		{92876245-7FFC-4575-BAF5-5720FBF8BEBC}.Release|Any CPU.Build.0 = Release|Any CPU
	EndGlobalSection
	GlobalSection(SolutionProperties) = preSolution
		HideSolutionNode = FALSE
	EndGlobalSection
	GlobalSection(ExtensibilityGlobals) = postSolution
		SolutionGuid = {4FFA986B-67DB-4DC5-91D1-48813058D808}
	EndGlobalSection
EndGlobal
