
Microsoft Visual Studio Solution File, Format Version 12.00
# Visual Studio Version 16
VisualStudioVersion = 16.0.31424.327
MinimumVisualStudioVersion = 10.0.40219.1
Project("{9A19103F-16F7-4668-BE54-9A1E7A4F7556}") = "task1", "task1\task1.csproj", "{D007329A-545C-4F56-B344-4BC983179DF6}"
EndProject
Project("{9A19103F-16F7-4668-BE54-9A1E7A4F7556}") = "task1Tests1", "task1Tests1\task1Tests1.csproj", "{41470D5E-5698-46B9-8128-E34DB494DB89}"
EndProject
Project("{9A19103F-16F7-4668-BE54-9A1E7A4F7556}") = "task2", "task2\task2.csproj", "{32396F12-3458-472F-B4F8-4242D5D2410D}"
EndProject
Project("{9A19103F-16F7-4668-BE54-9A1E7A4F7556}") = "task2Tests", "task2Tests\task2Tests.csproj", "{0988E76E-E1A0-48E9-A4DA-7E39704A2FA1}"
EndProject
Project("{9A19103F-16F7-4668-BE54-9A1E7A4F7556}") = "task3", "task3\task3.csproj", "{6E66F8B4-5855-441E-9495-05E9B586F8A9}"
EndProject
Project("{FAE04EC0-301F-11D3-BF4B-00C04F79EFBC}") = "task3Tests", "task3Tests\task3Tests.csproj", "{57A8DE9F-718B-45B0-91AA-ACD853A66E2F}"
EndProject
Global
	GlobalSection(SolutionConfigurationPlatforms) = preSolution
		Debug|Any CPU = Debug|Any CPU
		Release|Any CPU = Release|Any CPU
	EndGlobalSection
	GlobalSection(ProjectConfigurationPlatforms) = postSolution
		{D007329A-545C-4F56-B344-4BC983179DF6}.Debug|Any CPU.ActiveCfg = Debug|Any CPU
		{D007329A-545C-4F56-B344-4BC983179DF6}.Debug|Any CPU.Build.0 = Debug|Any CPU
		{D007329A-545C-4F56-B344-4BC983179DF6}.Release|Any CPU.ActiveCfg = Release|Any CPU
		{D007329A-545C-4F56-B344-4BC983179DF6}.Release|Any CPU.Build.0 = Release|Any CPU
		{41470D5E-5698-46B9-8128-E34DB494DB89}.Debug|Any CPU.ActiveCfg = Debug|Any CPU
		{41470D5E-5698-46B9-8128-E34DB494DB89}.Debug|Any CPU.Build.0 = Debug|Any CPU
		{41470D5E-5698-46B9-8128-E34DB494DB89}.Release|Any CPU.ActiveCfg = Release|Any CPU
		{41470D5E-5698-46B9-8128-E34DB494DB89}.Release|Any CPU.Build.0 = Release|Any CPU
		{32396F12-3458-472F-B4F8-4242D5D2410D}.Debug|Any CPU.ActiveCfg = Debug|Any CPU
		{32396F12-3458-472F-B4F8-4242D5D2410D}.Debug|Any CPU.Build.0 = Debug|Any CPU
		{32396F12-3458-472F-B4F8-4242D5D2410D}.Release|Any CPU.ActiveCfg = Release|Any CPU
		{32396F12-3458-472F-B4F8-4242D5D2410D}.Release|Any CPU.Build.0 = Release|Any CPU
		{0988E76E-E1A0-48E9-A4DA-7E39704A2FA1}.Debug|Any CPU.ActiveCfg = Debug|Any CPU
		{0988E76E-E1A0-48E9-A4DA-7E39704A2FA1}.Debug|Any CPU.Build.0 = Debug|Any CPU
		{0988E76E-E1A0-48E9-A4DA-7E39704A2FA1}.Release|Any CPU.ActiveCfg = Release|Any CPU
		{0988E76E-E1A0-48E9-A4DA-7E39704A2FA1}.Release|Any CPU.Build.0 = Release|Any CPU
		{6E66F8B4-5855-441E-9495-05E9B586F8A9}.Debug|Any CPU.ActiveCfg = Debug|Any CPU
		{6E66F8B4-5855-441E-9495-05E9B586F8A9}.Debug|Any CPU.Build.0 = Debug|Any CPU
		{6E66F8B4-5855-441E-9495-05E9B586F8A9}.Release|Any CPU.ActiveCfg = Release|Any CPU
		{6E66F8B4-5855-441E-9495-05E9B586F8A9}.Release|Any CPU.Build.0 = Release|Any CPU
		{57A8DE9F-718B-45B0-91AA-ACD853A66E2F}.Debug|Any CPU.ActiveCfg = Debug|Any CPU
		{57A8DE9F-718B-45B0-91AA-ACD853A66E2F}.Debug|Any CPU.Build.0 = Debug|Any CPU
		{57A8DE9F-718B-45B0-91AA-ACD853A66E2F}.Release|Any CPU.ActiveCfg = Release|Any CPU
		{57A8DE9F-718B-45B0-91AA-ACD853A66E2F}.Release|Any CPU.Build.0 = Release|Any CPU
	EndGlobalSection
	GlobalSection(SolutionProperties) = preSolution
		HideSolutionNode = FALSE
	EndGlobalSection
	GlobalSection(ExtensibilityGlobals) = postSolution
		SolutionGuid = {BC08A66B-FF67-4367-9DCE-529CB349AD51}
	EndGlobalSection
EndGlobal
